version: 1
checksums:
  9fa9eafc1f4194bd9008d37a1aac9ca9:
    md-section-0: 4c72b181eca67a6f79094a2bab244176
    md-section-1: 138847fd37190f861849a3e59d6b2158
  d607d10e83db55433815b04f9d50bb16:
    md-section-0: 0480087fbe48182c462ce3ef6d58512a
    md-section-1: c3b37f4483ad55e6ccf6ea758c5484e4
    md-section-2: 5a13cec58e7bebc6cb224c0afa180788
    md-section-3: a9f004df4858fa2d4c435d6e10f22dc6
    md-section-4: 42ceaee82018476fe5eaf5f2b28791b8
    md-section-5: 46acbd39b00124253e10a4b96394e5fe
    md-section-6: d4f8c229998e4094e2f818eb79d6e9ef
  4d14cdd669d9f9f6ddefacf0fb74f8f8:
    md-section-0: 30a25c4f703e7369b970461dc34e0553
    md-section-1: 6e17d402953bcd0192c9b7185f4acc1e
    md-section-2: a4dd4ee0f84d76cd7bb9c1d8f58409da
    md-section-3: e8ff68d17362c81f3cd5dc53bd67541e
    md-section-4: 6a6057408d3efa08981b61822832c77a
    md-section-5: d64b365f24aaef6641c3d977b1d6cb84
    md-section-6: d2d3eda568dc8356b8b1c9298d5f30b7
    md-section-7: b08da809511d6b1eff1fad2eb500461c
    md-section-8: 72dfe98e3bc28b77cca542fdbd796654
    md-section-9: 195a0df2b93f26fb3def0154658a3e1d
    md-section-10: 0d9833b1aa78307c1e1c71ae77282a6a
    md-section-11: 9325dc514cebe14b196e5882561a9e20
    md-section-12: da876976a22d6cd9e7822fcd4509ad3f
    md-section-13: 069844f412009c286f7d670801705012
    md-section-14: 9de99d779fbe07cd36bb7817b6b2ad58
    md-section-15: 29bc606135401d714d6d947cf2beb46a
    md-section-16: 90f35a4a8af7c1073f1de5d5d0833465
    md-section-17: 93b1c806df36f7f391686dad7fc7c5f7
    md-section-18: 03e9cb992431eeed64a07872d7ed99fe
    md-section-19: aa1a8d5e74861ec11f65458cfbb26831
    md-section-20: 9f81a4d06f57103613d07400c1cf0877
    md-section-21: 20f7fe98401676cb068d7506c47cf6f0
    md-section-22: 0a436addd1cbcdc47e84efd04ab90684
    md-section-23: a7b84668b1c7ba595a712dbfbb52c827
    md-section-24: 3a79a6c4d4eaf61e208b6413e2a9dd45
    md-section-25: 19690e857c2e8f95caa8eb723a8ef663
    md-section-26: cd1c128984e615c88b16e5a1b7da2e14
    md-section-27: 481411fa80dd2b2d78f125d96d84ae9b
    md-section-28: fb5a48eb5894e28146f64a2344d14b8b
    md-section-29: f07703af3035458e77e0b8080144e957
    md-section-30: ce3dba94d21e1be6b96ccf43912c0a73
    md-section-31: d8f21f8ab73a934ebaab3c34012da051
    md-section-32: 658a131a076085aab4dfc1c802b6b506
    md-section-33: 491b2ba9faca34a1b3cc866d440a6fbc
    md-section-34: 4315ca92ee594b431c6343225d7ee140
    md-section-35: ae56418a68f1764685c6b633f7f6ccc2
  8968a3b985f6a0ca0e08e5f16c006219:
    md-section-0: 01c4238a127519d80072b5830e04448c
    md-section-1: 414ea1833121fe472e6c0e48a0480846
    md-section-2: 31805a3cff42e4867f178741f961273e
    md-section-3: d4424142bff6bba87e78913e615a4784
  888d3eb82c4c1ba08a82ba1de94ba9d5:
    md-section-0: 89c475687b75b2949ebd73b93a35918d
    md-section-1: 24abcc644f59e65490a58dbba50845bf
    md-section-2: fc801216e57ae5da299a2ae5461cf3bd
    md-section-3: 39b122cc25a3cf71c02e9db7ffe8a9b5
    md-section-4: 2fb02bd46185b06c287cd1a0dca2551e
    md-section-5: 4fdcd02a86640ee1fcf1b01db15d12ca
    md-section-6: a0e6e20efd802b4a92ceacc8791b1568
    md-section-7: 3b174b3dbb32401b36c9f364a08e477a
  1b8a5077806fdebbd827266abec35033:
    md-section-0: 033145b8cfadc0475a87ca95c42dd6e6
    md-section-1: c74f193127e0071270d53f60e334c017
    md-section-2: dc68ffc828d65debeb289503411b523b
    md-section-3: 8be86cae46383f5fbc78b844fc718419
    md-section-4: 9a228b1ac2d9811de12f44c7e8f424f0
    md-section-5: ccd89e078d0f4106de595af044838998
    md-section-6: 4896c43ca1afce14ed7425c7ca3f59d0
    md-section-7: 38330c9f99986dc8489414599044b789
    md-section-8: fef59d8385ddf9a8263c53a010ca8f02
  16d9c2019233a5844cab8974560e1526:
    md-section-0: bcbbfecb9478c3c23952928f6e1435e6
    md-section-1: 6fc68dc405131ea4ff81bede8eaf5eb5
    md-section-2: 821b3665fba9ad5e404c9ec22f3254a0
    md-section-3: 7f5a143734ef503f66db3f835849d4f6
    md-section-4: a34390255eaa2f079f6b5d59ef79e4e9
    md-section-5: 3ba4bba7a3a15475bc615af7064bf4c4
    md-section-6: 108e31b8fac4ea477df3a7b2121e78a7
    md-section-7: ba12856115e48813150dda85aecbe64e
    md-section-8: b5abd74014e5f2d5f5ebfea78bc6c042
    md-section-9: 2b4615297f8bb397e98535f3151f0d73
    md-section-10: 08c3b73db48826835de198e5911a88f0
  7e9fbc45e5a667756544d9481f6b27ee:
    md-section-0: 0b37546cadcb3d24c53450bc8bce5d7b
    md-section-1: 86e05dec04b68a89ad56bba75c860ab8
    md-section-2: 8a4cdca3a209de0ff443bf55c9dc2689
    md-section-3: d80ac29c6c04ae31648ab2238955c603
    md-section-4: 7a0c7b65ca288401e2e9763747222ee6
    md-section-5: 4c4205894985c5a5fbdc70a007dd8015
    md-section-6: 3b4dc8b8f7fc237b96682b67b41d1f82
    md-section-7: 8162f0927b757e72a918733b02bcf2b1
    md-section-8: 293b65fc6b34d5696c997a0f94d4461e
    md-section-9: 4665720fcc2ba6f6c8f5114e01178c26
    md-section-10: ced980cf0704b0b03ab96c00c66ff2ec
    md-section-11: 8b2dd4f7935c91edc49c2433a115a942
    md-section-12: b7124318ec43da6d94ffa92966995c37
    md-section-13: a5a8bbc0af4f7b0e3f5fcead70c8aee0
    md-section-14: d6b318b4d3626f1104d15f139ea31dcc
    md-section-15: 1d4df8243b08bbdc0fb511b639656659
    md-section-16: 03b0471a65402952b69b89a800e323c4
    md-section-17: 90db08230059ab52c4249ee0e3f09430
    md-section-18: e9a2377a15cdfaa1ee2a61fdf4491301
    md-section-19: 6c921c2aea2675ac92f8c42dc3172d3b
    md-section-20: dccabd121cfa53f9248d75708e3c6063
    md-section-21: d305e1e9f8d18d9cef4077096da7c76a
    md-section-22: 72e9ce8f56106b1ea6951d5d9363b987
    md-section-23: 91ccac56bc63ba4fb5b90e58156024ce
  d43e7167b3af5605e12d8116eda125fa:
    md-section-0: eba766baf71fa1c389b1bd61f1d866a5
    md-section-1: 03823b08668353a6ebf69fac7552c77a
    md-section-2: 2f89f5608f7bb2359ca1b379dec0d4d4
    md-section-3: 84409feecd75016eb37c537a57245111
    md-section-4: 1043d29dca718e4f15a53e2bb199452b
    md-section-5: 5b8bfef3080e2352e90e0a4cbfebc3ca
    md-section-6: a6770d1cc95a9a5e8ffcc912803cb5bf
    md-section-7: 8e5015b8189eca762cb1a64de75c2f18
    md-section-8: 6f20f6b0148c5fc90f56f0d3286b5dc2
    md-section-9: 0eba16254e5085b7def17ecb4d02e4c4
    md-section-10: 2421681678d7303f364c9ac56157a567
    md-section-11: d7a7af7da5387cd324f37fb4f8f7f1f0
  a0a516a08fc10dcd41435f99c1e66761:
    md-section-0: c487bcd7293eb5395701f2c477fed660
    md-section-1: 2263f7598f1ad17edbbd788352c1ac65
    md-section-2: 0ae7c63c3a95912dc44fe973154ef063
    md-section-3: 6ae6455a9e6ebdb658556c1b5785ee96
    md-section-4: 01c54a1b8e43c5ae913bba26e1c00b68
    md-section-5: 7faaf6d1184e55090359a34946c1ee2b
    md-section-6: 8d8002d93a42d9993942e93c9c86c071
  6d781fcde8a60b215c3b50d44be3ecc8:
    md-section-0: 91050600aab4fc0951a0f71719b83b5d
    md-section-1: d22ba76408d1aa78e7701893a577e883
    md-section-2: 44f5c76677474e6eb6fac31d9910251a
    md-section-3: 7b075cba751d3588d2fb4fb349156d63
    md-section-4: ea2cd7a7c2d273bb4974e03b6b7c685b
    md-section-5: 22eed820897a69dd10d2db9f0fa23485
    md-section-6: 687e7325c61e552feed27a24178c168a
