version: 1
checksums:
  ccd9883a935d21ec9b3e775ce5a85195:
    greeting: e5c4880fef990edc98e20db92aff718d
  8269155dab118a5d326e10c113da80b9:
    md-section-0: d5c9585f29b53df73ea622946892d6f4
    md-section-1: bdb81c97c55f036fbd5349f33b955a31
    md-section-2: 609a24756f20ea3f1a87d96fd165188f
    md-section-3: a2e1ed63e3ca19e2ba4bda66c8cc5776
    md-section-4: ec09cdf167a673f22f243e73cb72adb8
    md-section-5: 20798c8d248b8ae8dc657f8ceecbf34d
    md-section-6: 992efacbe0c71786d3838465e6c89d0f
    md-section-7: 13115802f59f2d71b42162fd0aca10e4
    md-section-8: c381a94df683d97f479082d952d0163f
    md-section-9: 42c5720f4d8f4179b8845de681353fb9
    md-section-10: 8b2dd4f7935c91edc49c2433a115a942
    md-section-11: 1c8067db8e6a9b81730dd5df35f973e7
    md-section-12: 734be9d193c65e8aeb7d636c6cd4202f
    md-section-13: 2b9bbb81f2cea3e53c31cb6a16b991c8
    md-section-14: 316ef96b2c0c647e1fae64b4835ad194
    md-section-15: d027b78e18312455056c1a3f43d4cfaf
    md-section-16: 5cadff23a3d5fe8bc15c48f10ad62667
    md-section-17: 006074bd525f413810c35caa1b75c84e
  3a874f12fbf07d4af08f66df6944b9b4:
    md-section-0: 6e17d402953bcd0192c9b7185f4acc1e
    md-section-1: a4dd4ee0f84d76cd7bb9c1d8f58409da
    md-section-2: e8ff68d17362c81f3cd5dc53bd67541e
    md-section-3: eca63a2d27abf6814c25a2f8f0f672f9
    md-section-4: d64b365f24aaef6641c3d977b1d6cb84
    md-section-5: 1fb921067bdad1c758b58ab2cd6fe955
    md-section-6: b08da809511d6b1eff1fad2eb500461c
    md-section-7: 72dfe98e3bc28b77cca542fdbd796654
    md-section-8: 195a0df2b93f26fb3def0154658a3e1d
    md-section-9: 0d9833b1aa78307c1e1c71ae77282a6a
    md-section-10: 9325dc514cebe14b196e5882561a9e20
    md-section-11: da876976a22d6cd9e7822fcd4509ad3f
    md-section-12: 069844f412009c286f7d670801705012
    md-section-13: 95cdffd6dcf09bf51da91bbfb4a11e9e
    md-section-14: 29bc606135401d714d6d947cf2beb46a
    md-section-15: 250a58aed65c84cc1c287000d316b5cb
    md-section-16: 93b1c806df36f7f391686dad7fc7c5f7
    md-section-17: 2c1e7ee59bfa74d1bc69bba0701fa6ee
    md-section-18: aa1a8d5e74861ec11f65458cfbb26831
    md-section-19: 0fe33319e09be4e0415a4f2fc6d00949
    md-section-20: 20f7fe98401676cb068d7506c47cf6f0
    md-section-21: 0a436addd1cbcdc47e84efd04ab90684
    md-section-22: a7b84668b1c7ba595a712dbfbb52c827
    md-section-23: 3a79a6c4d4eaf61e208b6413e2a9dd45
    md-section-24: 19690e857c2e8f95caa8eb723a8ef663
    md-section-25: cd1c128984e615c88b16e5a1b7da2e14
    md-section-26: 481411fa80dd2b2d78f125d96d84ae9b
    md-section-27: fb5a48eb5894e28146f64a2344d14b8b
    md-section-28: f07703af3035458e77e0b8080144e957
    md-section-29: ce3dba94d21e1be6b96ccf43912c0a73
    md-section-30: d8f21f8ab73a934ebaab3c34012da051
    md-section-31: 658a131a076085aab4dfc1c802b6b506
    md-section-32: 491b2ba9faca34a1b3cc866d440a6fbc
    md-section-33: 4315ca92ee594b431c6343225d7ee140
    md-section-34: ae56418a68f1764685c6b633f7f6ccc2
  3051369db9a219b21d0cccbbf5fa4dc6:
    md-section-0: 39b122cc25a3cf71c02e9db7ffe8a9b5
    md-section-1: 43b1b7f431dfacf8bfdcecb3eb3bf921
    md-section-2: 49f2739987cfe22ce3243e8fd28eabfe
    md-section-3: 8d967f765ca8f0c0aeaf0e319e3bcf89
    md-section-4: 65d9972cc21e36c38b66665b83521919
    md-section-5: 31805a3cff42e4867f178741f961273e
    md-section-6: 0f1367de227647e3a7be36ba56b1d172
    md-section-7: f2712a0a5bdc6bae02b7ed2c6a9a26cc
    md-section-8: b863241e909d5578b1a4beccb87aad5e
    md-section-9: 23cb3b4c928115c9774fa202e7564da2
    md-section-10: d1467cf70b26a2275d75b3c72d4038ba
    md-section-11: 89ac2db8884a3fd8a768f91997640a67
    md-section-12: bcadfc362b69078beee0088e5936c98b
    md-section-13: 0a0704ffcef3db179463387e46310a19
    md-section-14: 5eb15ead73253d282ef018be8b2f9154
    md-section-15: cbb6035c8403eccb1e863cab2038b81b
    md-section-16: d1467cf70b26a2275d75b3c72d4038ba
    md-section-17: c32e677426b55048bc0354e18adfdce4
    md-section-18: bcadfc362b69078beee0088e5936c98b
    md-section-19: d596a9eb53cc51dea19b1bcb513a78f2
    md-section-20: 1c2c3e27ab1c3801da15c951fc93d9b8
    md-section-21: b2f9666b7ab69b973e146f2d681525e8
    md-section-22: d1467cf70b26a2275d75b3c72d4038ba
    md-section-23: abd9f9761e2678cf181e0346926d95c5
    md-section-24: bcadfc362b69078beee0088e5936c98b
    md-section-25: d596a9eb53cc51dea19b1bcb513a78f2
    md-section-26: 570769a087f96ef79c0760dd49ce4008
    md-section-27: b863241e909d5578b1a4beccb87aad5e
    md-section-28: 7f951bb34466c9e0d5d455993a0df886
    md-section-29: 371d0e46b4bd2c23f559b8bc112f6955
    md-section-30: e46015af32db7f71c516e738ecf3bb95
    md-section-31: bcadfc362b69078beee0088e5936c98b
    md-section-32: 0c6764ddc3a96890202fb4a8d191d380
    md-section-33: 5eb15ead73253d282ef018be8b2f9154
    md-section-34: 869b42446c740856fc548f86d95eded6
    md-section-35: 371d0e46b4bd2c23f559b8bc112f6955
    md-section-36: e6e9fda7a7171a7a7f96ab29347a3b9a
    md-section-37: bcadfc362b69078beee0088e5936c98b
    md-section-38: d596a9eb53cc51dea19b1bcb513a78f2
    md-section-39: 1c2c3e27ab1c3801da15c951fc93d9b8
    md-section-40: 3411dced8346bc7d1641abadf5de3da6
    md-section-41: 371d0e46b4bd2c23f559b8bc112f6955
    md-section-42: 01d60b61e5e0bd7297a85aa35df451fd
    md-section-43: bcadfc362b69078beee0088e5936c98b
    md-section-44: d596a9eb53cc51dea19b1bcb513a78f2
    md-section-45: 1ac4b48f8469f14984570ec7ab707145
    md-section-46: b863241e909d5578b1a4beccb87aad5e
    md-section-47: 1a817b2bbf5d0ae6100bb10f4401c0d0
    md-section-48: 371d0e46b4bd2c23f559b8bc112f6955
    md-section-49: 4bf96cc50460b0f58461c61e25fb27a1
    md-section-50: bcadfc362b69078beee0088e5936c98b
    md-section-51: 678fcc64da53e01b85bd0b34558ace86
    md-section-52: 5eb15ead73253d282ef018be8b2f9154
    md-section-53: ec5a4b8e4f4c96ba44699bfe0036e227
    md-section-54: 371d0e46b4bd2c23f559b8bc112f6955
    md-section-55: cfb23360f3a95b6767adbde339271954
    md-section-56: bcadfc362b69078beee0088e5936c98b
    md-section-57: d596a9eb53cc51dea19b1bcb513a78f2
  ca655e38fd746b0e9669f1c131af3c42:
    md-section-0: 1ee3fe328f53fbf9f72f46d1c4f7ee45
  15528a90d712d1fa8ffba98a1f094c29:
    md-section-0: 138847fd37190f861849a3e59d6b2158
  4cf5951dbf9d7f85ef07fce594bde97e:
    md-section-0: 39b122cc25a3cf71c02e9db7ffe8a9b5
    md-section-1: 49f2739987cfe22ce3243e8fd28eabfe
    md-section-2: 5124804e7c9d2988cfcf1c0b0e5c751c
    md-section-3: 69494ddeffb2efa0746b46e604da7aa9
    md-section-4: 31805a3cff42e4867f178741f961273e
    md-section-5: 205d53e76c0e960b6d85b6edcccf2cfd
    md-section-6: f2712a0a5bdc6bae02b7ed2c6a9a26cc
    md-section-7: b863241e909d5578b1a4beccb87aad5e
    md-section-8: 23cb3b4c928115c9774fa202e7564da2
    md-section-9: d1467cf70b26a2275d75b3c72d4038ba
    md-section-10: 89ac2db8884a3fd8a768f91997640a67
    md-section-11: bcadfc362b69078beee0088e5936c98b
    md-section-12: 0a0704ffcef3db179463387e46310a19
    md-section-13: 5eb15ead73253d282ef018be8b2f9154
    md-section-14: cbb6035c8403eccb1e863cab2038b81b
    md-section-15: d1467cf70b26a2275d75b3c72d4038ba
    md-section-16: 968e1bc1d7fdf7b665688e3c5001d2f2
    md-section-17: bcadfc362b69078beee0088e5936c98b
    md-section-18: d596a9eb53cc51dea19b1bcb513a78f2
    md-section-19: 1c2c3e27ab1c3801da15c951fc93d9b8
    md-section-20: b2f9666b7ab69b973e146f2d681525e8
    md-section-21: d1467cf70b26a2275d75b3c72d4038ba
    md-section-22: 6c218ac2f15c15161103c7d1dff3ccc8
    md-section-23: bcadfc362b69078beee0088e5936c98b
    md-section-24: d596a9eb53cc51dea19b1bcb513a78f2
    md-section-25: 570769a087f96ef79c0760dd49ce4008
    md-section-26: b863241e909d5578b1a4beccb87aad5e
    md-section-27: 7f951bb34466c9e0d5d455993a0df886
    md-section-28: 371d0e46b4bd2c23f559b8bc112f6955
    md-section-29: e46015af32db7f71c516e738ecf3bb95
    md-section-30: bcadfc362b69078beee0088e5936c98b
    md-section-31: 0c6764ddc3a96890202fb4a8d191d380
    md-section-32: 5eb15ead73253d282ef018be8b2f9154
    md-section-33: 869b42446c740856fc548f86d95eded6
    md-section-34: 371d0e46b4bd2c23f559b8bc112f6955
    md-section-35: 47514d04f562f51becaa201a5a7b9109
    md-section-36: bcadfc362b69078beee0088e5936c98b
    md-section-37: d596a9eb53cc51dea19b1bcb513a78f2
    md-section-38: 1c2c3e27ab1c3801da15c951fc93d9b8
    md-section-39: 3411dced8346bc7d1641abadf5de3da6
    md-section-40: 371d0e46b4bd2c23f559b8bc112f6955
    md-section-41: c6564ac703cb83038e664da8af00d14e
    md-section-42: bcadfc362b69078beee0088e5936c98b
    md-section-43: d596a9eb53cc51dea19b1bcb513a78f2
    md-section-44: 1ac4b48f8469f14984570ec7ab707145
    md-section-45: b863241e909d5578b1a4beccb87aad5e
    md-section-46: 1a817b2bbf5d0ae6100bb10f4401c0d0
    md-section-47: 371d0e46b4bd2c23f559b8bc112f6955
    md-section-48: 4bf96cc50460b0f58461c61e25fb27a1
    md-section-49: bcadfc362b69078beee0088e5936c98b
    md-section-50: 678fcc64da53e01b85bd0b34558ace86
    md-section-51: 5eb15ead73253d282ef018be8b2f9154
    md-section-52: ec5a4b8e4f4c96ba44699bfe0036e227
    md-section-53: 371d0e46b4bd2c23f559b8bc112f6955
    md-section-54: cfb23360f3a95b6767adbde339271954
    md-section-55: bcadfc362b69078beee0088e5936c98b
    md-section-56: d596a9eb53cc51dea19b1bcb513a78f2
    md-section-57: cba900e358d23474dcd5ea33eb14a95f
    md-section-58: c74f193127e0071270d53f60e334c017
    md-section-59: dc68ffc828d65debeb289503411b523b
    md-section-60: 8be86cae46383f5fbc78b844fc718419
    md-section-61: f737c60ef671f927990d93850ca4948b
    md-section-62: ccd89e078d0f4106de595af044838998
    md-section-63: 42cd71730b5c348b184b5aa9a5cadd17
  9fa9eafc1f4194bd9008d37a1aac9ca9:
    md-section-0: 138847fd37190f861849a3e59d6b2158
